# THIS IS AN AUTOGENERATED FILE. DO NOT EDIT THIS FILE DIRECTLY.
# yarn lockfile v1


"@atcute/bluesky@^1.0.7":
  version "1.0.15"
  resolved "https://registry.yarnpkg.com/@atcute/bluesky/-/bluesky-1.0.15.tgz#b9335c670df51b19da8d65233ea904f6dfba6232"
  integrity sha512-+EFiybmKQ97aBAgtaD+cKRJER5AMn3cZMkEwEg/pDdWyzxYJ9m1UgemmLdTgI8VrxPufKqdXS2nl7uO7TY6BPA==

"@atcute/cbor@^1.0.2":
  version "1.0.7"
  resolved "https://registry.yarnpkg.com/@atcute/cbor/-/cbor-1.0.7.tgz#3baa7bd7845567a924e3b220e4a851b05d560d35"
  integrity sha512-z3chucgCqjAN36ySvUVl1VSwtGME4CDS173eaaEfiTSpRIQ6ewKpKlkzapLUNqtLU9iBx884b9c2j6kjEyn1XA==
  dependencies:
    "@atcute/cid" "^1.0.3"
    "@atcute/multibase" "^1.0.0"

"@atcute/cid@^1.0.3":
  version "1.0.3"
  resolved "https://registry.yarnpkg.com/@atcute/cid/-/cid-1.0.3.tgz#281f8dd047074a4b05b2452681c815db9ad8f3d7"
  integrity sha512-BZbs+Xt0yMci0I2dLqqYsN76ua8lkMk/HQfEIKr7g2XMBlSc0XNCXfZdbAWPwiCK/NuGaPBocYMRwApd4dF2Qg==
  dependencies:
    "@atcute/multibase" "^1.0.0"
    "@atcute/varint" "^1.0.1"

"@atcute/client@^2.0.3":
  version "2.0.9"
  resolved "https://registry.yarnpkg.com/@atcute/client/-/client-2.0.9.tgz#3192a476dc12b8d52bf72649370344a3bb233580"
  integrity sha512-QNDm9gMP6x9LY77ArwY+urQOBtQW74/onEAz42c40JxRm6Rl9K9cU4ROvNKJ+5cpVmEm1sthEWVRmDr5CSZENA==

"@atcute/multibase@^1.0.0":
  version "1.1.3"
  resolved "https://registry.yarnpkg.com/@atcute/multibase/-/multibase-1.1.3.tgz#557f504fe1fd39ba6b6133e0977e146f325ff423"
  integrity sha512-vQQO0tDuQPguBvHdgV3ryn7R8U6beQ50KA/juYm+dCeT/3hOK2stMbX+IaW8JEuwkT5lJsU8wDIOicQT4mB7Ag==
  dependencies:
    "@atcute/uint8array" "^1.0.1"

"@atcute/ozone@^1.0.4":
  version "1.0.12"
  resolved "https://registry.yarnpkg.com/@atcute/ozone/-/ozone-1.0.12.tgz#a29591c6413b47d092d22cb5ad0fe3e4414311cd"
  integrity sha512-eogx/FCF6X3WTwAPxgG8RcrziuOUcJvMu+qHodeVcLSQ7QJvw2H/Q5V0HpnZegUOY5aRGKb5RvLk2SeZq3LCeA==

"@atcute/uint8array@^1.0.1":
  version "1.0.1"
  resolved "https://registry.yarnpkg.com/@atcute/uint8array/-/uint8array-1.0.1.tgz#da4a0d623543685de31c8441ab12d300e452aa3c"
  integrity sha512-AAnlFKyfDRgb9GNZJbhQ6OuMhbmNPirQyapb8KnmcEhxQZ3+tt+4NcwqekEegY4MpNqSTYeeTdyxq0wGZv1JHg==

"@atcute/varint@^1.0.1":
  version "1.0.2"
  resolved "https://registry.yarnpkg.com/@atcute/varint/-/varint-1.0.2.tgz#1486c1dc7cdb0c76a4df67239faa106bf939efbb"
  integrity sha512-0O31hePzzr4O3NGWHUKKOyta6CGSL+AtN8iir8grGxu9jXyI7DBARlw6PbgKA6uTAvsXdpmRmF8MX+p0TsLnNg==

"@fastify/ajv-compiler@^3.5.0":
  version "3.6.0"
  resolved "https://registry.yarnpkg.com/@fastify/ajv-compiler/-/ajv-compiler-3.6.0.tgz#907497a0e62a42b106ce16e279cf5788848e8e79"
  integrity sha512-LwdXQJjmMD+GwLOkP7TVC68qa+pSSogeWWmznRJ/coyTcfe9qA05AHFSe1eZFwK6q+xVRpChnvFUkf1iYaSZsQ==
  dependencies:
    ajv "^8.11.0"
    ajv-formats "^2.1.1"
    fast-uri "^2.0.0"

"@fastify/ajv-compiler@^4.0.0":
  version "4.0.2"
  resolved "https://registry.yarnpkg.com/@fastify/ajv-compiler/-/ajv-compiler-4.0.2.tgz#da05938cf852901bfb953738764f553b5449b80b"
  integrity sha512-Rkiu/8wIjpsf46Rr+Fitd3HRP+VsxUFDDeag0hs9L0ksfnwx2g7SPQQTFL0E8Qv+rfXzQOxBJnjUB9ITUDjfWQ==
  dependencies:
    ajv "^8.12.0"
    ajv-formats "^3.0.1"
    fast-uri "^3.0.0"

"@fastify/error@^3.3.0", "@fastify/error@^3.4.0":
  version "3.4.1"
  resolved "https://registry.yarnpkg.com/@fastify/error/-/error-3.4.1.tgz#b14bb4cac3dd4ec614becbc643d1511331a6425c"
  integrity sha512-wWSvph+29GR783IhmvdwWnN4bUxTD01Vm5Xad4i7i1VuAOItLvbPAb69sb0IQ2N57yprvhNIwAP5B6xfKTmjmQ==

"@fastify/error@^4.0.0":
  version "4.1.0"
  resolved "https://registry.yarnpkg.com/@fastify/error/-/error-4.1.0.tgz#a6a3a8d2309bd8d3441512dff9a7c739d0c35fe2"
  integrity sha512-KeFcciOr1eo/YvIXHP65S94jfEEqn1RxTRBT1aJaHxY5FK0/GDXYozsQMMWlZoHgi8i0s+YtrLsgj/JkUUjSkQ==

"@fastify/fast-json-stringify-compiler@^4.3.0":
  version "4.3.0"
  resolved "https://registry.yarnpkg.com/@fastify/fast-json-stringify-compiler/-/fast-json-stringify-compiler-4.3.0.tgz#5df89fa4d1592cbb8780f78998355feb471646d5"
  integrity sha512-aZAXGYo6m22Fk1zZzEUKBvut/CIIQe/BapEORnxiD5Qr0kPHqqI69NtEMCme74h+at72sPhbkb4ZrLd1W3KRLA==
  dependencies:
    fast-json-stringify "^5.7.0"

"@fastify/fast-json-stringify-compiler@^5.0.0":
  version "5.0.3"
  resolved "https://registry.yarnpkg.com/@fastify/fast-json-stringify-compiler/-/fast-json-stringify-compiler-5.0.3.tgz#fae495bf30dbbd029139839ec5c2ea111bde7d3f"
  integrity sha512-uik7yYHkLr6fxd8hJSZ8c+xF4WafPK+XzneQDPU+D10r5X19GW8lJcom2YijX2+qtFF1ENJlHXKFM9ouXNJYgQ==
  dependencies:
    fast-json-stringify "^6.0.0"

"@fastify/forwarded@^3.0.0":
  version "3.0.0"
  resolved "https://registry.yarnpkg.com/@fastify/forwarded/-/forwarded-3.0.0.tgz#0fc96cdbbb5a38ad453d2d5533a34f09b4949b37"
  integrity sha512-kJExsp4JCms7ipzg7SJ3y8DwmePaELHxKYtg+tZow+k0znUTf3cb+npgyqm8+ATZOdmfgfydIebPDWM172wfyA==

"@fastify/merge-json-schemas@^0.1.0":
  version "0.1.1"
  resolved "https://registry.yarnpkg.com/@fastify/merge-json-schemas/-/merge-json-schemas-0.1.1.tgz#3551857b8a17a24e8c799e9f51795edb07baa0bc"
  integrity sha512-fERDVz7topgNjtXsJTTW1JKLy0rhuLRcquYqNR9rF7OcVpCa2OVW49ZPDIhaRRCaUuvVxI+N416xUoF76HNSXA==
  dependencies:
    fast-deep-equal "^3.1.3"

"@fastify/merge-json-schemas@^0.2.0":
  version "0.2.1"
  resolved "https://registry.yarnpkg.com/@fastify/merge-json-schemas/-/merge-json-schemas-0.2.1.tgz#3aa30d2f0c81a8ac5995b6d94ed4eaa2c3055824"
  integrity sha512-OA3KGBCy6KtIvLf8DINC5880o5iBlDX4SxzLQS8HorJAbqluzLRn80UXU0bxZn7UOFhFgpRJDasfwn9nG4FG4A==
  dependencies:
    dequal "^2.0.3"

"@fastify/proxy-addr@^5.0.0":
  version "5.0.0"
  resolved "https://registry.yarnpkg.com/@fastify/proxy-addr/-/proxy-addr-5.0.0.tgz#e9d1c7a49b8380d9f92a879fdc623ac47ee27de3"
  integrity sha512-37qVVA1qZ5sgH7KpHkkC4z9SK6StIsIcOmpjvMPXNb3vx2GQxhZocogVYbr2PbbeLCQxYIPDok307xEvRZOzGA==
  dependencies:
    "@fastify/forwarded" "^3.0.0"
    ipaddr.js "^2.1.0"

"@fastify/websocket@^10.0.1":
  version "10.0.1"
  resolved "https://registry.yarnpkg.com/@fastify/websocket/-/websocket-10.0.1.tgz#ece72340870dfccc0d5abdbe7242c632a5f3340a"
  integrity sha512-8/pQIxTPRD8U94aILTeJ+2O3el/r19+Ej5z1O1mXlqplsUH7KzCjAI0sgd5DM/NoPjAi5qLFNIjgM5+9/rGSNw==
  dependencies:
    duplexify "^4.1.2"
    fastify-plugin "^4.0.0"
    ws "^8.0.0"

"@libsql/client@^0.14.0":
  version "0.14.0"
  resolved "https://registry.yarnpkg.com/@libsql/client/-/client-0.14.0.tgz#df30cfb21e84797398afdd268e153cf1594c68a1"
  integrity sha512-/9HEKfn6fwXB5aTEEoMeFh4CtG0ZzbncBb1e++OCdVpgKZ/xyMsIVYXm0w7Pv4RUel803vE6LwniB3PqD72R0Q==
  dependencies:
    "@libsql/core" "^0.14.0"
    "@libsql/hrana-client" "^0.7.0"
    js-base64 "^3.7.5"
    libsql "^0.4.4"
    promise-limit "^2.7.0"

"@libsql/core@^0.14.0":
  version "0.14.0"
  resolved "https://registry.yarnpkg.com/@libsql/core/-/core-0.14.0.tgz#bbdbdf89227f1325b79e49d00babace81a47bf23"
  integrity sha512-nhbuXf7GP3PSZgdCY2Ecj8vz187ptHlZQ0VRc751oB2C1W8jQUXKKklvt7t1LJiUTQBVJuadF628eUk+3cRi4Q==
  dependencies:
    js-base64 "^3.7.5"

"@libsql/darwin-arm64@0.4.7":
  version "0.4.7"
  resolved "https://registry.yarnpkg.com/@libsql/darwin-arm64/-/darwin-arm64-0.4.7.tgz#070679b082ff88ad0a8c8fef94c6d0cc644e441f"
  integrity sha512-yOL742IfWUlUevnI5PdnIT4fryY3LYTdLm56bnY0wXBw7dhFcnjuA7jrH3oSVz2mjZTHujxoITgAE7V6Z+eAbg==

"@libsql/darwin-x64@0.4.7":
  version "0.4.7"
  resolved "https://registry.yarnpkg.com/@libsql/darwin-x64/-/darwin-x64-0.4.7.tgz#ee5cff8527777eea72e2ad9a4f1c41d6a5b6736e"
  integrity sha512-ezc7V75+eoyyH07BO9tIyJdqXXcRfZMbKcLCeF8+qWK5nP8wWuMcfOVywecsXGRbT99zc5eNra4NEx6z5PkSsA==

"@libsql/hrana-client@^0.7.0":
  version "0.7.0"
  resolved "https://registry.yarnpkg.com/@libsql/hrana-client/-/hrana-client-0.7.0.tgz#c059d8106b9d40dd931217333710aff2ceb5216e"
  integrity sha512-OF8fFQSkbL7vJY9rfuegK1R7sPgQ6kFMkDamiEccNUvieQ+3urzfDFI616oPl8V7T9zRmnTkSjMOImYCAVRVuw==
  dependencies:
    "@libsql/isomorphic-fetch" "^0.3.1"
    "@libsql/isomorphic-ws" "^0.1.5"
    js-base64 "^3.7.5"
    node-fetch "^3.3.2"

"@libsql/isomorphic-fetch@^0.3.1":
  version "0.3.1"
  resolved "https://registry.yarnpkg.com/@libsql/isomorphic-fetch/-/isomorphic-fetch-0.3.1.tgz#42023816d5645a5a3f3a78bb3899bdc5814c7b88"
  integrity sha512-6kK3SUK5Uu56zPq/Las620n5aS9xJq+jMBcNSOmjhNf/MUvdyji4vrMTqD7ptY7/4/CAVEAYDeotUz60LNQHtw==

"@libsql/isomorphic-ws@^0.1.5":
  version "0.1.5"
  resolved "https://registry.yarnpkg.com/@libsql/isomorphic-ws/-/isomorphic-ws-0.1.5.tgz#e2d1faf965ba0f3be9301fbf5640164d03c4e606"
  integrity sha512-DtLWIH29onUYR00i0GlQ3UdcTRC6EP4u9w/h9LxpUZJWRMARk6dQwZ6Jkd+QdwVpuAOrdxt18v0K2uIYR3fwFg==
  dependencies:
    "@types/ws" "^8.5.4"
    ws "^8.13.0"

"@libsql/linux-arm64-gnu@0.4.7":
  version "0.4.7"
  resolved "https://registry.yarnpkg.com/@libsql/linux-arm64-gnu/-/linux-arm64-gnu-0.4.7.tgz#d1364f51b8c5a013822257de1a51525b602ac71d"
  integrity sha512-WlX2VYB5diM4kFfNaYcyhw5y+UJAI3xcMkEUJZPtRDEIu85SsSFrQ+gvoKfcVh76B//ztSeEX2wl9yrjF7BBCA==

"@libsql/linux-arm64-musl@0.4.7":
  version "0.4.7"
  resolved "https://registry.yarnpkg.com/@libsql/linux-arm64-musl/-/linux-arm64-musl-0.4.7.tgz#14d9762853368e77e24774b306dea7c6ac2b4881"
  integrity sha512-6kK9xAArVRlTCpWeqnNMCoXW1pe7WITI378n4NpvU5EJ0Ok3aNTIC2nRPRjhro90QcnmLL1jPcrVwO4WD1U0xw==

"@libsql/linux-x64-gnu@0.4.7":
  version "0.4.7"
  resolved "https://registry.yarnpkg.com/@libsql/linux-x64-gnu/-/linux-x64-gnu-0.4.7.tgz#ae98f4311b45ffe6c6e31241b7d321cc24cf2922"
  integrity sha512-CMnNRCmlWQqqzlTw6NeaZXzLWI8bydaXDke63JTUCvu8R+fj/ENsLrVBtPDlxQ0wGsYdXGlrUCH8Qi9gJep0yQ==

"@libsql/linux-x64-musl@0.4.7":
  version "0.4.7"
  resolved "https://registry.yarnpkg.com/@libsql/linux-x64-musl/-/linux-x64-musl-0.4.7.tgz#9340d4c46e77ae072968e7dc70710dedfd6ee4f4"
  integrity sha512-nI6tpS1t6WzGAt1Kx1n1HsvtBbZ+jHn0m7ogNNT6pQHZQj7AFFTIMeDQw/i/Nt5H38np1GVRNsFe99eSIMs9XA==

"@libsql/win32-x64-msvc@0.4.7":
  version "0.4.7"
  resolved "https://registry.yarnpkg.com/@libsql/win32-x64-msvc/-/win32-x64-msvc-0.4.7.tgz#b39cc6de4af797af736e9f2179002e8ebf4d2d4a"
  integrity sha512-7pJzOWzPm6oJUxml+PCDRzYQ4A1hTMHAciTAHfFK4fkbDZX33nWPVG7Y3vqdKtslcwAzwmrNDc6sXy2nwWnbiw==

"@neon-rs/load@^0.0.4":
  version "0.0.4"
  resolved "https://registry.yarnpkg.com/@neon-rs/load/-/load-0.0.4.tgz#2a2a3292c6f1fef043f49886712d3c96a547532e"
  integrity sha512-kTPhdZyTQxB+2wpiRcFWrDcejc4JI6tkPuS7UZCG4l6Zvc5kU/gGQ/ozvHTh1XR5tS+UlfAfGuPajjzQjCiHCw==

"@noble/curves@^1.6.0":
  version "1.9.0"
  resolved "https://registry.yarnpkg.com/@noble/curves/-/curves-1.9.0.tgz#13e0ca8be4a0ce66c113693a94514e5599f40cfc"
  integrity sha512-7YDlXiNMdO1YZeH6t/kvopHHbIZzlxrCV9WLqCY6QhcXOoXiNCMDqJIglZ9Yjx5+w7Dz30TITFrlTjnRg7sKEg==
  dependencies:
    "@noble/hashes" "1.8.0"

"@noble/hashes@1.8.0", "@noble/hashes@^1.5.0":
  version "1.8.0"
  resolved "https://registry.yarnpkg.com/@noble/hashes/-/hashes-1.8.0.tgz#cee43d801fcef9644b11b8194857695acd5f815a"
  integrity sha512-jCs9ldd7NwzpgXDIf6P3+NrHh9/sD6CQdxHyjQI+h/6rDNo88ypBxxz45UDuZHz9r3tNz7N/VInSVoVdtXEI4A==

"@skyware/labeler@^0.2.0":
  version "0.2.0"
  resolved "https://registry.yarnpkg.com/@skyware/labeler/-/labeler-0.2.0.tgz#13980eaeff303de43ae3eafa1c82e000f774fc2e"
  integrity sha512-5Xsjly8Crvi+vILmFkObNs5y/FeNj/mIztcm1qfNafUzwv9n9B7O5MQmmg3aZfnalmQWsYfs2BgVlaBBBni5bw==
  dependencies:
    "@atcute/bluesky" "^1.0.7"
    "@atcute/cbor" "^1.0.2"
    "@atcute/client" "^2.0.3"
    "@atcute/ozone" "^1.0.4"
    "@fastify/websocket" "^10.0.1"
    "@libsql/client" "^0.14.0"
    "@noble/curves" "^1.6.0"
    "@noble/hashes" "^1.5.0"
    fastify "^4.28.1"
    prompts "^2.4.2"
    uint8arrays "^5.1.0"

"@types/node@*":
  version "22.15.3"
  resolved "https://registry.yarnpkg.com/@types/node/-/node-22.15.3.tgz#b7fb9396a8ec5b5dfb1345d8ac2502060e9af68b"
  integrity sha512-lX7HFZeHf4QG/J7tBZqrCAXwz9J5RD56Y6MpP0eJkka8p+K0RY/yBTW7CYFJ4VGCclxqOLKmiGP5juQc6MKgcw==
  dependencies:
    undici-types "~6.21.0"

"@types/ws@^8.5.4":
  version "8.18.1"
  resolved "https://registry.yarnpkg.com/@types/ws/-/ws-8.18.1.tgz#48464e4bf2ddfd17db13d845467f6070ffea4aa9"
  integrity sha512-ThVF6DCVhA8kUGy+aazFQ4kXQ7E1Ty7A3ypFOe0IcJV8O/M511G99AW24irKrW56Wt44yG9+ij8FaqoBGkuBXg==
  dependencies:
    "@types/node" "*"

abstract-logging@^2.0.1:
  version "2.0.1"
  resolved "https://registry.yarnpkg.com/abstract-logging/-/abstract-logging-2.0.1.tgz#6b0c371df212db7129b57d2e7fcf282b8bf1c839"
  integrity sha512-2BjRTZxTPvheOvGbBslFSYOUkr+SjPtOnrLP33f+VIWLzezQpZcqVg7ja3L4dBXmzzgwT+a029jRx5PCi3JuiA==

ajv-formats@^2.1.1:
  version "2.1.1"
  resolved "https://registry.yarnpkg.com/ajv-formats/-/ajv-formats-2.1.1.tgz#6e669400659eb74973bbf2e33327180a0996b520"
  integrity sha512-Wx0Kx52hxE7C18hkMEggYlEifqWZtYaRgouJor+WMdPnQyEK13vgEWyVNup7SoeeoLMsr4kf5h6dOW11I15MUA==
  dependencies:
    ajv "^8.0.0"

ajv-formats@^3.0.1:
  version "3.0.1"
  resolved "https://registry.yarnpkg.com/ajv-formats/-/ajv-formats-3.0.1.tgz#3d5dc762bca17679c3c2ea7e90ad6b7532309578"
  integrity sha512-8iUql50EUR+uUcdRQ3HDqa6EVyo3docL8g5WJ3FNcWmu62IbkGUue/pEyLBW8VGKKucTPgqeks4fIU1DA4yowQ==
  dependencies:
    ajv "^8.0.0"

ajv@^8.0.0, ajv@^8.10.0, ajv@^8.11.0, ajv@^8.12.0:
  version "8.17.1"
  resolved "https://registry.yarnpkg.com/ajv/-/ajv-8.17.1.tgz#37d9a5c776af6bc92d7f4f9510eba4c0a60d11a6"
  integrity sha512-B/gBuNg5SiMTrPkC+A2+cW0RszwxYmn6VYxB/inlBStS5nx6xHIt/ehKRhIMhqusl7a8LjQoZnjCs5vhwxOQ1g==
  dependencies:
    fast-deep-equal "^3.1.3"
    fast-uri "^3.0.1"
    json-schema-traverse "^1.0.0"
    require-from-string "^2.0.2"

atomic-sleep@^1.0.0:
  version "1.0.0"
  resolved "https://registry.yarnpkg.com/atomic-sleep/-/atomic-sleep-1.0.0.tgz#eb85b77a601fc932cfe432c5acd364a9e2c9075b"
  integrity sha512-kNOjDqAh7px0XWNI+4QbzoiR/nTkHAWNud2uvnJquD1/x5a7EQZMJT0AczqK0Qn67oY/TTQ1LbUKajZpp3I9tQ==

avvio@^8.3.0:
  version "8.4.0"
  resolved "https://registry.yarnpkg.com/avvio/-/avvio-8.4.0.tgz#7cbd5bca74f0c9effa944ced601f94ffd8afc5ed"
  integrity sha512-CDSwaxINFy59iNwhYnkvALBwZiTydGkOecZyPkqBpABYR1KqGEsET0VOOYDwtleZSUIdeY36DC2bSZ24CO1igA==
  dependencies:
    "@fastify/error" "^3.3.0"
    fastq "^1.17.1"

avvio@^9.0.0:
  version "9.1.0"
  resolved "https://registry.yarnpkg.com/avvio/-/avvio-9.1.0.tgz#0ff80ed211682441d8aa39ff21a4b9d022109c44"
  integrity sha512-fYASnYi600CsH/j9EQov7lECAniYiBFiiAtBNuZYLA2leLe9qOvZzqYHFjtIj6gD2VMoMLP14834LFWvr4IfDw==
  dependencies:
    "@fastify/error" "^4.0.0"
    fastq "^1.17.1"

cookie@^0.7.0:
  version "0.7.2"
  resolved "https://registry.yarnpkg.com/cookie/-/cookie-0.7.2.tgz#556369c472a2ba910f2979891b526b3436237ed7"
  integrity sha512-yki5XnKuf750l50uGTllt6kKILY4nQ1eNIQatoXEByZ5dWgnKqbnqmTrBE5B4N7lrMJKQ2ytWMiTO2o0v6Ew/w==

cookie@^1.0.1:
  version "1.0.2"
  resolved "https://registry.yarnpkg.com/cookie/-/cookie-1.0.2.tgz#27360701532116bd3f1f9416929d176afe1e4610"
  integrity sha512-9Kr/j4O16ISv8zBBhJoi4bXOYNTkFLOqSL3UDB0njXxCXNezjeyVrJyGOWtgfs/q2km1gwBcfH8q1yEGoMYunA==

data-uri-to-buffer@^4.0.0:
  version "4.0.1"
  resolved "https://registry.yarnpkg.com/data-uri-to-buffer/-/data-uri-to-buffer-4.0.1.tgz#d8feb2b2881e6a4f58c2e08acfd0e2834e26222e"
  integrity sha512-0R9ikRb668HB7QDxT1vkpuUBtqc53YyAwMwGeUFKRojY/NWKvdZ+9UYtRfGmhqNbRkTSVpMbmyhXipFFv2cb/A==

dequal@^2.0.3:
  version "2.0.3"
  resolved "https://registry.yarnpkg.com/dequal/-/dequal-2.0.3.tgz#2644214f1997d39ed0ee0ece72335490a7ac67be"
  integrity sha512-0je+qPKHEMohvfRTCEo3CrPG6cAzAYgmzKyxRiYSSDkS6eGJdyVJm7WaYA5ECaAD9wLB2T4EEeymA5aFVcYXCA==

detect-libc@2.0.2:
  version "2.0.2"
  resolved "https://registry.yarnpkg.com/detect-libc/-/detect-libc-2.0.2.tgz#8ccf2ba9315350e1241b88d0ac3b0e1fbd99605d"
  integrity sha512-UX6sGumvvqSaXgdKGUsgZWqcUyIXZ/vZTrlRT/iobiKhGL0zL4d3osHj3uqllWJK+i+sixDS/3COVEOFbupFyw==

dotenv@^16.5.0:
  version "16.5.0"
  resolved "https://registry.yarnpkg.com/dotenv/-/dotenv-16.5.0.tgz#092b49f25f808f020050051d1ff258e404c78692"
  integrity sha512-m/C+AwOAr9/W1UOIZUo232ejMNnJAJtYQjUbHoNTBNTJSvqzzDh7vnrei3o3r3m9blf6ZoDkvcw0VmozNRFJxg==

duplexify@^4.1.2:
  version "4.1.3"
  resolved "https://registry.yarnpkg.com/duplexify/-/duplexify-4.1.3.tgz#a07e1c0d0a2c001158563d32592ba58bddb0236f"
  integrity sha512-M3BmBhwJRZsSx38lZyhE53Csddgzl5R7xGJNk7CVddZD6CcmwMCH8J+7AprIrQKH7TonKxaCjcv27Qmf+sQ+oA==
  dependencies:
    end-of-stream "^1.4.1"
    inherits "^2.0.3"
    readable-stream "^3.1.1"
    stream-shift "^1.0.2"

end-of-stream@^1.4.1:
  version "1.4.4"
  resolved "https://registry.yarnpkg.com/end-of-stream/-/end-of-stream-1.4.4.tgz#5ae64a5f45057baf3626ec14da0ca5e4b2431eb0"
  integrity sha512-+uw1inIHVPQoaVuHzRyXd21icM+cnt4CzD5rW+NC1wjOUSTOs+Te7FOv7AhN7vS9x/oIyhLP5PR1H+phQAHu5Q==
  dependencies:
    once "^1.4.0"

fast-content-type-parse@^1.1.0:
  version "1.1.0"
  resolved "https://registry.yarnpkg.com/fast-content-type-parse/-/fast-content-type-parse-1.1.0.tgz#4087162bf5af3294d4726ff29b334f72e3a1092c"
  integrity sha512-fBHHqSTFLVnR61C+gltJuE5GkVQMV0S2nqUO8TJ+5Z3qAKG8vAx4FKai1s5jq/inV1+sREynIWSuQ6HgoSXpDQ==

fast-decode-uri-component@^1.0.1:
  version "1.0.1"
  resolved "https://registry.yarnpkg.com/fast-decode-uri-component/-/fast-decode-uri-component-1.0.1.tgz#46f8b6c22b30ff7a81357d4f59abfae938202543"
  integrity sha512-WKgKWg5eUxvRZGwW8FvfbaH7AXSh2cL+3j5fMGzUMCxWBJ3dV3a7Wz8y2f/uQ0e3B6WmodD3oS54jTQ9HVTIIg==

fast-deep-equal@^3.1.3:
  version "3.1.3"
  resolved "https://registry.yarnpkg.com/fast-deep-equal/-/fast-deep-equal-3.1.3.tgz#3a7d56b559d6cbc3eb512325244e619a65c6c525"
  integrity sha512-f3qQ9oQy9j2AhBe/H9VC91wLmKBCCU/gDOnKNAYG5hswO7BLKj09Hc5HYNz9cGI++xlpDCIgDaitVs03ATR84Q==

fast-json-stringify@^5.7.0, fast-json-stringify@^5.8.0:
  version "5.16.1"
  resolved "https://registry.yarnpkg.com/fast-json-stringify/-/fast-json-stringify-5.16.1.tgz#a6d0c575231a3a08c376a00171d757372f2ca46e"
  integrity sha512-KAdnLvy1yu/XrRtP+LJnxbBGrhN+xXu+gt3EUvZhYGKCr3lFHq/7UFJHHFgmJKoqlh6B40bZLEv7w46B0mqn1g==
  dependencies:
    "@fastify/merge-json-schemas" "^0.1.0"
    ajv "^8.10.0"
    ajv-formats "^3.0.1"
    fast-deep-equal "^3.1.3"
    fast-uri "^2.1.0"
    json-schema-ref-resolver "^1.0.1"
    rfdc "^1.2.0"

fast-json-stringify@^6.0.0:
  version "6.0.1"
  resolved "https://registry.yarnpkg.com/fast-json-stringify/-/fast-json-stringify-6.0.1.tgz#82f1cb45fa96d0ca24b601f1738066976d6e2430"
  integrity sha512-s7SJE83QKBZwg54dIbD5rCtzOBVD43V1ReWXXYqBgwCwHLYAAT0RQc/FmrQglXqWPpz6omtryJQOau5jI4Nrvg==
  dependencies:
    "@fastify/merge-json-schemas" "^0.2.0"
    ajv "^8.12.0"
    ajv-formats "^3.0.1"
    fast-uri "^3.0.0"
    json-schema-ref-resolver "^2.0.0"
    rfdc "^1.2.0"

fast-querystring@^1.0.0:
  version "1.1.2"
  resolved "https://registry.yarnpkg.com/fast-querystring/-/fast-querystring-1.1.2.tgz#a6d24937b4fc6f791b4ee31dcb6f53aeafb89f53"
  integrity sha512-g6KuKWmFXc0fID8WWH0jit4g0AGBoJhCkJMb1RmbsSEUNvQ+ZC8D6CUZ+GtF8nMzSPXnhiePyyqqipzNNEnHjg==
  dependencies:
    fast-decode-uri-component "^1.0.1"

fast-redact@^3.1.1:
  version "3.5.0"
  resolved "https://registry.yarnpkg.com/fast-redact/-/fast-redact-3.5.0.tgz#e9ea02f7e57d0cd8438180083e93077e496285e4"
  integrity sha512-dwsoQlS7h9hMeYUq1W++23NDcBLV4KqONnITDV9DjfS3q1SgDGVrBdvvTLUotWtPSD7asWDV9/CmsZPy8Hf70A==

fast-uri@^2.0.0, fast-uri@^2.1.0:
  version "2.4.0"
  resolved "https://registry.yarnpkg.com/fast-uri/-/fast-uri-2.4.0.tgz#67eae6fbbe9f25339d5d3f4c4234787b65d7d55e"
  integrity sha512-ypuAmmMKInk5q7XcepxlnUWDLWv4GFtaJqAzWKqn62IpQ3pejtr5dTVbt3vwqVaMKmkNR55sTT+CqUKIaT21BA==

fast-uri@^3.0.0, fast-uri@^3.0.1:
  version "3.0.6"
  resolved "https://registry.yarnpkg.com/fast-uri/-/fast-uri-3.0.6.tgz#88f130b77cfaea2378d56bf970dea21257a68748"
  integrity sha512-Atfo14OibSv5wAp4VWNsFYE1AchQRTv9cBGWET4pZWHzYshFSS9NQI6I57rdKn9croWVMbYFbLhJ+yJvmZIIHw==

fastify-plugin@^4.0.0:
  version "4.5.1"
  resolved "https://registry.yarnpkg.com/fastify-plugin/-/fastify-plugin-4.5.1.tgz#44dc6a3cc2cce0988bc09e13f160120bbd91dbee"
  integrity sha512-stRHYGeuqpEZTL1Ef0Ovr2ltazUT9g844X5z/zEBFLG8RYlpDiOCIG+ATvYEp+/zmc7sN29mcIMp8gvYplYPIQ==

fastify@^4.28.1:
  version "4.29.1"
  resolved "https://registry.yarnpkg.com/fastify/-/fastify-4.29.1.tgz#fbd91a507e3a575c6c8032ad5d1bfd801004fb3b"
  integrity sha512-m2kMNHIG92tSNWv+Z3UeTR9AWLLuo7KctC7mlFPtMEVrfjIhmQhkQnT9v15qA/BfVq3vvj134Y0jl9SBje3jXQ==
  dependencies:
    "@fastify/ajv-compiler" "^3.5.0"
    "@fastify/error" "^3.4.0"
    "@fastify/fast-json-stringify-compiler" "^4.3.0"
    abstract-logging "^2.0.1"
    avvio "^8.3.0"
    fast-content-type-parse "^1.1.0"
    fast-json-stringify "^5.8.0"
    find-my-way "^8.0.0"
    light-my-request "^5.11.0"
    pino "^9.0.0"
    process-warning "^3.0.0"
    proxy-addr "^2.0.7"
    rfdc "^1.3.0"
    secure-json-parse "^2.7.0"
    semver "^7.5.4"
    toad-cache "^3.3.0"

fastify@^5.3.2:
  version "5.3.2"
  resolved "https://registry.yarnpkg.com/fastify/-/fastify-5.3.2.tgz#88c895a30c0f67166979077ac8649fe8b205a1b3"
  integrity sha512-AIPqBgtqBAwkOkrnwesEE+dOyU30dQ4kh7udxeGVR05CRGwubZx+p2H8P0C4cRnQT0+EPK4VGea2DTL2RtWttg==
  dependencies:
    "@fastify/ajv-compiler" "^4.0.0"
    "@fastify/error" "^4.0.0"
    "@fastify/fast-json-stringify-compiler" "^5.0.0"
    "@fastify/proxy-addr" "^5.0.0"
    abstract-logging "^2.0.1"
    avvio "^9.0.0"
    fast-json-stringify "^6.0.0"
    find-my-way "^9.0.0"
    light-my-request "^6.0.0"
    pino "^9.0.0"
    process-warning "^5.0.0"
    rfdc "^1.3.1"
    secure-json-parse "^4.0.0"
    semver "^7.6.0"
    toad-cache "^3.7.0"

fastq@^1.17.1:
  version "1.19.1"
  resolved "https://registry.yarnpkg.com/fastq/-/fastq-1.19.1.tgz#d50eaba803c8846a883c16492821ebcd2cda55f5"
  integrity sha512-GwLTyxkCXjXbxqIhTsMI2Nui8huMPtnxg7krajPJAjnEG/iiOS7i+zCtWGZR9G0NBKbXKh6X9m9UIsYX/N6vvQ==
  dependencies:
    reusify "^1.0.4"

fetch-blob@^3.1.2, fetch-blob@^3.1.4:
  version "3.2.0"
  resolved "https://registry.yarnpkg.com/fetch-blob/-/fetch-blob-3.2.0.tgz#f09b8d4bbd45adc6f0c20b7e787e793e309dcce9"
  integrity sha512-7yAQpD2UMJzLi1Dqv7qFYnPbaPx7ZfFK6PiIxQ4PfkGPyNyl2Ugx+a/umUonmKqjhM4DnfbMvdX6otXq83soQQ==
  dependencies:
    node-domexception "^1.0.0"
    web-streams-polyfill "^3.0.3"

find-my-way@^8.0.0:
  version "8.2.2"
  resolved "https://registry.yarnpkg.com/find-my-way/-/find-my-way-8.2.2.tgz#f3e78bc6ead2da4fdaa201335da3228600ed0285"
  integrity sha512-Dobi7gcTEq8yszimcfp/R7+owiT4WncAJ7VTTgFH1jYJ5GaG1FbhjwDG820hptN0QDFvzVY3RfCzdInvGPGzjA==
  dependencies:
    fast-deep-equal "^3.1.3"
    fast-querystring "^1.0.0"
    safe-regex2 "^3.1.0"

find-my-way@^9.0.0:
  version "9.3.0"
  resolved "https://registry.yarnpkg.com/find-my-way/-/find-my-way-9.3.0.tgz#9f57786b5d772cc45142bf39dd5349f9cc883f91"
  integrity sha512-eRoFWQw+Yv2tuYlK2pjFS2jGXSxSppAs3hSQjfxVKxM5amECzIgYYc1FEI8ZmhSh/Ig+FrKEz43NLRKJjYCZVg==
  dependencies:
    fast-deep-equal "^3.1.3"
    fast-querystring "^1.0.0"
    safe-regex2 "^5.0.0"

formdata-polyfill@^4.0.10:
  version "4.0.10"
  resolved "https://registry.yarnpkg.com/formdata-polyfill/-/formdata-polyfill-4.0.10.tgz#24807c31c9d402e002ab3d8c720144ceb8848423"
  integrity sha512-buewHzMvYL29jdeQTVILecSaZKnt/RJWjoZCF5OW60Z67/GmSLBkOFM7qh1PI3zFNtJbaZL5eQu1vLfazOwj4g==
  dependencies:
    fetch-blob "^3.1.2"

forwarded@0.2.0:
  version "0.2.0"
  resolved "https://registry.yarnpkg.com/forwarded/-/forwarded-0.2.0.tgz#2269936428aad4c15c7ebe9779a84bf0b2a81811"
  integrity sha512-buRG0fpBtRHSTCOASe6hD258tEubFoRLb4ZNA6NxMVHNw2gOcwHo9wyablzMzOA5z9xA9L1KNjk/Nt6MT9aYow==

inherits@^2.0.3:
  version "2.0.4"
  resolved "https://registry.yarnpkg.com/inherits/-/inherits-2.0.4.tgz#0fa2c64f932917c3433a0ded55363aae37416b7c"
  integrity sha512-k/vGaX4/Yla3WzyMCvTQOXYeIHvqOKtnqBduzTHpzpQZzAskKMhZ2K+EnBiSM9zGSoIFeMpXKxa4dYeZIQqewQ==

ipaddr.js@1.9.1:
  version "1.9.1"
  resolved "https://registry.yarnpkg.com/ipaddr.js/-/ipaddr.js-1.9.1.tgz#bff38543eeb8984825079ff3a2a8e6cbd46781b3"
  integrity sha512-0KI/607xoxSToH7GjN1FfSbLoU0+btTicjsQSWQlh/hZykN8KpmMf7uYwPW3R+akZ6R/w18ZlXSHBYXiYUPO3g==

ipaddr.js@^2.1.0:
  version "2.2.0"
  resolved "https://registry.yarnpkg.com/ipaddr.js/-/ipaddr.js-2.2.0.tgz#d33fa7bac284f4de7af949638c9d68157c6b92e8"
  integrity sha512-Ag3wB2o37wslZS19hZqorUnrnzSkpOVy+IiiDEiTqNubEYpYuHWIf6K4psgN2ZWKExS4xhVCrRVfb/wfW8fWJA==

js-base64@^3.7.5:
  version "3.7.7"
  resolved "https://registry.yarnpkg.com/js-base64/-/js-base64-3.7.7.tgz#e51b84bf78fbf5702b9541e2cb7bfcb893b43e79"
  integrity sha512-7rCnleh0z2CkXhH67J8K1Ytz0b2Y+yxTPL+/KOJoa20hfnVQ/3/T6W/KflYI4bRHRagNeXeU2bkNGI3v1oS/lw==

json-schema-ref-resolver@^1.0.1:
  version "1.0.1"
  resolved "https://registry.yarnpkg.com/json-schema-ref-resolver/-/json-schema-ref-resolver-1.0.1.tgz#6586f483b76254784fc1d2120f717bdc9f0a99bf"
  integrity sha512-EJAj1pgHc1hxF6vo2Z3s69fMjO1INq6eGHXZ8Z6wCQeldCuwxGK9Sxf4/cScGn3FZubCVUehfWtcDM/PLteCQw==
  dependencies:
    fast-deep-equal "^3.1.3"

json-schema-ref-resolver@^2.0.0:
  version "2.0.1"
  resolved "https://registry.yarnpkg.com/json-schema-ref-resolver/-/json-schema-ref-resolver-2.0.1.tgz#c92f16b452df069daac53e1984159e0f9af0598d"
  integrity sha512-HG0SIB9X4J8bwbxCbnd5FfPEbcXAJYTi1pBJeP/QPON+w8ovSME8iRG+ElHNxZNX2Qh6eYn1GdzJFS4cDFfx0Q==
  dependencies:
    dequal "^2.0.3"

json-schema-traverse@^1.0.0:
  version "1.0.0"
  resolved "https://registry.yarnpkg.com/json-schema-traverse/-/json-schema-traverse-1.0.0.tgz#ae7bcb3656ab77a73ba5c49bf654f38e6b6860e2"
  integrity sha512-NM8/P9n3XjXhIZn1lLhkFaACTOURQXjWhV4BA/RnOv8xvgqtqpAX9IO4mRQxSx1Rlo4tqzeqb0sOlruaOy3dug==

kleur@^3.0.3:
  version "3.0.3"
  resolved "https://registry.yarnpkg.com/kleur/-/kleur-3.0.3.tgz#a79c9ecc86ee1ce3fa6206d1216c501f147fc07e"
  integrity sha512-eTIzlVOSUR+JxdDFepEYcBMtZ9Qqdef+rnzWdRZuMbOywu5tO2w2N7rqjoANZ5k9vywhL6Br1VRjUIgTQx4E8w==

libsql@^0.4.4:
  version "0.4.7"
  resolved "https://registry.yarnpkg.com/libsql/-/libsql-0.4.7.tgz#dc80f94c58ac8146adc351e82f76dd12366fe051"
  integrity sha512-T9eIRCs6b0J1SHKYIvD8+KCJMcWZ900iZyxdnSCdqxN12Z1ijzT+jY5nrk72Jw4B0HGzms2NgpryArlJqvc3Lw==
  dependencies:
    "@neon-rs/load" "^0.0.4"
    detect-libc "2.0.2"
  optionalDependencies:
    "@libsql/darwin-arm64" "0.4.7"
    "@libsql/darwin-x64" "0.4.7"
    "@libsql/linux-arm64-gnu" "0.4.7"
    "@libsql/linux-arm64-musl" "0.4.7"
    "@libsql/linux-x64-gnu" "0.4.7"
    "@libsql/linux-x64-musl" "0.4.7"
    "@libsql/win32-x64-msvc" "0.4.7"

light-my-request@^5.11.0:
  version "5.14.0"
  resolved "https://registry.yarnpkg.com/light-my-request/-/light-my-request-5.14.0.tgz#11ddae56de4053fd5c1845cbfbee5c29e8a257e7"
  integrity sha512-aORPWntbpH5esaYpGOOmri0OHDOe3wC5M2MQxZ9dvMLZm6DnaAn0kJlcbU9hwsQgLzmZyReKwFwwPkR+nHu5kA==
  dependencies:
    cookie "^0.7.0"
    process-warning "^3.0.0"
    set-cookie-parser "^2.4.1"

light-my-request@^6.0.0:
  version "6.6.0"
  resolved "https://registry.yarnpkg.com/light-my-request/-/light-my-request-6.6.0.tgz#c9448772323f65f33720fb5979c7841f14060add"
  integrity sha512-CHYbu8RtboSIoVsHZ6Ye4cj4Aw/yg2oAFimlF7mNvfDV192LR7nDiKtSIfCuLT7KokPSTn/9kfVLm5OGN0A28A==
  dependencies:
    cookie "^1.0.1"
    process-warning "^4.0.0"
    set-cookie-parser "^2.6.0"

multiformats@^13.0.0:
  version "13.3.2"
  resolved "https://registry.yarnpkg.com/multiformats/-/multiformats-13.3.2.tgz#a77c2a09c490e90c73b3049551604e6e1a4854e0"
  integrity sha512-qbB0CQDt3QKfiAzZ5ZYjLFOs+zW43vA4uyM8g27PeEuXZybUOFyjrVdP93HPBHMoglibwfkdVwbzfUq8qGcH6g==

node-domexception@^1.0.0:
  version "1.0.0"
  resolved "https://registry.yarnpkg.com/node-domexception/-/node-domexception-1.0.0.tgz#6888db46a1f71c0b76b3f7555016b63fe64766e5"
  integrity sha512-/jKZoMpw0F8GRwl4/eLROPA3cfcXtLApP0QzLmUT/HuPCZWyB7IY9ZrMeKw2O/nFIqPQB3PVM9aYm0F312AXDQ==

node-fetch@^3.3.2:
  version "3.3.2"
  resolved "https://registry.yarnpkg.com/node-fetch/-/node-fetch-3.3.2.tgz#d1e889bacdf733b4ff3b2b243eb7a12866a0b78b"
  integrity sha512-dRB78srN/l6gqWulah9SrxeYnxeddIG30+GOqK/9OlLVyLg3HPnr6SqOWTWOXKRwC2eGYCkZ59NNuSgvSrpgOA==
  dependencies:
    data-uri-to-buffer "^4.0.0"
    fetch-blob "^3.1.4"
    formdata-polyfill "^4.0.10"

on-exit-leak-free@^2.1.0:
  version "2.1.2"
  resolved "https://registry.yarnpkg.com/on-exit-leak-free/-/on-exit-leak-free-2.1.2.tgz#fed195c9ebddb7d9e4c3842f93f281ac8dadd3b8"
  integrity sha512-0eJJY6hXLGf1udHwfNftBqH+g73EU4B504nZeKpz1sYRKafAghwxEJunB2O7rDZkL4PGfsMVnTXZ2EjibbqcsA==

once@^1.4.0:
  version "1.4.0"
  resolved "https://registry.yarnpkg.com/once/-/once-1.4.0.tgz#583b1aa775961d4b113ac17d9c50baef9dd76bd1"
  integrity sha512-lNaJgI+2Q5URQBkccEKHTQOPaXdUxnZZElQTZY0MFUAuaEqe1E+Nyvgdz/aIyNi6Z9MzO5dv1H8n58/GELp3+w==
  dependencies:
    wrappy "1"

pino-abstract-transport@^2.0.0:
  version "2.0.0"
  resolved "https://registry.yarnpkg.com/pino-abstract-transport/-/pino-abstract-transport-2.0.0.tgz#de241578406ac7b8a33ce0d77ae6e8a0b3b68a60"
  integrity sha512-F63x5tizV6WCh4R6RHyi2Ml+M70DNRXt/+HANowMflpgGFMAym/VKm6G7ZOQRjqN7XbGxK1Lg9t6ZrtzOaivMw==
  dependencies:
    split2 "^4.0.0"

pino-std-serializers@^7.0.0:
  version "7.0.0"
  resolved "https://registry.yarnpkg.com/pino-std-serializers/-/pino-std-serializers-7.0.0.tgz#7c625038b13718dbbd84ab446bd673dc52259e3b"
  integrity sha512-e906FRY0+tV27iq4juKzSYPbUj2do2X2JX4EzSca1631EB2QJQUqGbDuERal7LCtOpxl6x3+nvo9NPZcmjkiFA==

pino@^9.0.0:
  version "9.6.0"
  resolved "https://registry.yarnpkg.com/pino/-/pino-9.6.0.tgz#6bc628159ba0cc81806d286718903b7fc6b13169"
  integrity sha512-i85pKRCt4qMjZ1+L7sy2Ag4t1atFcdbEt76+7iRJn1g2BvsnRMGu9p8pivl9fs63M2kF/A0OacFZhTub+m/qMg==
  dependencies:
    atomic-sleep "^1.0.0"
    fast-redact "^3.1.1"
    on-exit-leak-free "^2.1.0"
    pino-abstract-transport "^2.0.0"
    pino-std-serializers "^7.0.0"
    process-warning "^4.0.0"
    quick-format-unescaped "^4.0.3"
    real-require "^0.2.0"
    safe-stable-stringify "^2.3.1"
    sonic-boom "^4.0.1"
    thread-stream "^3.0.0"

process-warning@^3.0.0:
  version "3.0.0"
  resolved "https://registry.yarnpkg.com/process-warning/-/process-warning-3.0.0.tgz#96e5b88884187a1dce6f5c3166d611132058710b"
  integrity sha512-mqn0kFRl0EoqhnL0GQ0veqFHyIN1yig9RHh/InzORTUiZHFRAur+aMtRkELNwGs9aNwKS6tg/An4NYBPGwvtzQ==

process-warning@^4.0.0:
  version "4.0.1"
  resolved "https://registry.yarnpkg.com/process-warning/-/process-warning-4.0.1.tgz#5c1db66007c67c756e4e09eb170cdece15da32fb"
  integrity sha512-3c2LzQ3rY9d0hc1emcsHhfT9Jwz0cChib/QN89oME2R451w5fy3f0afAhERFZAwrbDU43wk12d0ORBpDVME50Q==

process-warning@^5.0.0:
  version "5.0.0"
  resolved "https://registry.yarnpkg.com/process-warning/-/process-warning-5.0.0.tgz#566e0bf79d1dff30a72d8bbbe9e8ecefe8d378d7"
  integrity sha512-a39t9ApHNx2L4+HBnQKqxxHNs1r7KF+Intd8Q/g1bUh6q0WIp9voPXJ/x0j+ZL45KF1pJd9+q2jLIRMfvEshkA==

promise-limit@^2.7.0:
  version "2.7.0"
  resolved "https://registry.yarnpkg.com/promise-limit/-/promise-limit-2.7.0.tgz#eb5737c33342a030eaeaecea9b3d3a93cb592b26"
  integrity sha512-7nJ6v5lnJsXwGprnGXga4wx6d1POjvi5Qmf1ivTRxTjH4Z/9Czja/UCMLVmB9N93GeWOU93XaFaEt6jbuoagNw==

prompts@^2.4.2:
  version "2.4.2"
  resolved "https://registry.yarnpkg.com/prompts/-/prompts-2.4.2.tgz#7b57e73b3a48029ad10ebd44f74b01722a4cb069"
  integrity sha512-NxNv/kLguCA7p3jE8oL2aEBsrJWgAakBpgmgK6lpPWV+WuOmY6r2/zbAVnP+T8bQlA0nzHXSJSJW0Hq7ylaD2Q==
  dependencies:
    kleur "^3.0.3"
    sisteransi "^1.0.5"

proxy-addr@^2.0.7:
  version "2.0.7"
  resolved "https://registry.yarnpkg.com/proxy-addr/-/proxy-addr-2.0.7.tgz#f19fe69ceab311eeb94b42e70e8c2070f9ba1025"
  integrity sha512-llQsMLSUDUPT44jdrU/O37qlnifitDP+ZwrmmZcoSKyLKvtZxpyV0n2/bD/N4tBAAZ/gJEdZU7KMraoK1+XYAg==
  dependencies:
    forwarded "0.2.0"
    ipaddr.js "1.9.1"

quick-format-unescaped@^4.0.3:
  version "4.0.4"
  resolved "https://registry.yarnpkg.com/quick-format-unescaped/-/quick-format-unescaped-4.0.4.tgz#93ef6dd8d3453cbc7970dd614fad4c5954d6b5a7"
  integrity sha512-tYC1Q1hgyRuHgloV/YXs2w15unPVh8qfu/qCTfhTYamaw7fyhumKa2yGpdSo87vY32rIclj+4fWYQXUMs9EHvg==

readable-stream@^3.1.1:
  version "3.6.2"
  resolved "https://registry.yarnpkg.com/readable-stream/-/readable-stream-3.6.2.tgz#56a9b36ea965c00c5a93ef31eb111a0f11056967"
  integrity sha512-9u/sniCrY3D5WdsERHzHE4G2YCXqoG5FTHUiCC4SIbr6XcLZBY05ya9EKjYek9O5xOAwjGq+1JdGBAS7Q9ScoA==
  dependencies:
    inherits "^2.0.3"
    string_decoder "^1.1.1"
    util-deprecate "^1.0.1"

real-require@^0.2.0:
  version "0.2.0"
  resolved "https://registry.yarnpkg.com/real-require/-/real-require-0.2.0.tgz#209632dea1810be2ae063a6ac084fee7e33fba78"
  integrity sha512-57frrGM/OCTLqLOAh0mhVA9VBMHd+9U7Zb2THMGdBUoZVOtGbJzjxsYGDJ3A9AYYCP4hn6y1TVbaOfzWtm5GFg==

require-from-string@^2.0.2:
  version "2.0.2"
  resolved "https://registry.yarnpkg.com/require-from-string/-/require-from-string-2.0.2.tgz#89a7fdd938261267318eafe14f9c32e598c36909"
  integrity sha512-Xf0nWe6RseziFMu+Ap9biiUbmplq6S9/p+7w7YXP/JBHhrUDDUhwa+vANyubuqfZWTveU//DYVGsDG7RKL/vEw==

ret@~0.4.0:
  version "0.4.3"
  resolved "https://registry.yarnpkg.com/ret/-/ret-0.4.3.tgz#5243fa30e704a2e78a9b9b1e86079e15891aa85c"
  integrity sha512-0f4Memo5QP7WQyUEAYUO3esD/XjOc3Zjjg5CPsAq1p8sIu0XPeMbHJemKA0BO7tV0X7+A0FoEpbmHXWxPyD3wQ==

ret@~0.5.0:
  version "0.5.0"
  resolved "https://registry.yarnpkg.com/ret/-/ret-0.5.0.tgz#30a4d38a7e704bd96dc5ffcbe7ce2a9274c41c95"
  integrity sha512-I1XxrZSQ+oErkRR4jYbAyEEu2I0avBvvMM5JN+6EBprOGRCs63ENqZ3vjavq8fBw2+62G5LF5XelKwuJpcvcxw==

reusify@^1.0.4:
  version "1.1.0"
  resolved "https://registry.yarnpkg.com/reusify/-/reusify-1.1.0.tgz#0fe13b9522e1473f51b558ee796e08f11f9b489f"
  integrity sha512-g6QUff04oZpHs0eG5p83rFLhHeV00ug/Yf9nZM6fLeUrPguBTkTQOdpAWWspMh55TZfVQDPaN3NQJfbVRAxdIw==

rfdc@^1.2.0, rfdc@^1.3.0, rfdc@^1.3.1:
  version "1.4.1"
  resolved "https://registry.yarnpkg.com/rfdc/-/rfdc-1.4.1.tgz#778f76c4fb731d93414e8f925fbecf64cce7f6ca"
  integrity sha512-q1b3N5QkRUWUl7iyylaaj3kOpIT0N2i9MqIEQXP73GVsN9cw3fdx8X63cEmWhJGi2PPCF23Ijp7ktmd39rawIA==

safe-buffer@~5.2.0:
  version "5.2.1"
  resolved "https://registry.yarnpkg.com/safe-buffer/-/safe-buffer-5.2.1.tgz#1eaf9fa9bdb1fdd4ec75f58f9cdb4e6b7827eec6"
  integrity sha512-rp3So07KcdmmKbGvgaNxQSJr7bGVSVk5S9Eq1F+ppbRo70+YeaDxkw5Dd8NPN+GD6bjnYm2VuPuCXmpuYvmCXQ==

safe-regex2@^3.1.0:
  version "3.1.0"
  resolved "https://registry.yarnpkg.com/safe-regex2/-/safe-regex2-3.1.0.tgz#fd7ec23908e2c730e1ce7359a5b72883a87d2763"
  integrity sha512-RAAZAGbap2kBfbVhvmnTFv73NWLMvDGOITFYTZBAaY8eR+Ir4ef7Up/e7amo+y1+AH+3PtLkrt9mvcTsG9LXug==
  dependencies:
    ret "~0.4.0"

safe-regex2@^5.0.0:
  version "5.0.0"
  resolved "https://registry.yarnpkg.com/safe-regex2/-/safe-regex2-5.0.0.tgz#762e4a4c328603427281d2b99662f2d04e4ae811"
  integrity sha512-YwJwe5a51WlK7KbOJREPdjNrpViQBI3p4T50lfwPuDhZnE3XGVTlGvi+aolc5+RvxDD6bnUmjVsU9n1eboLUYw==
  dependencies:
    ret "~0.5.0"

safe-stable-stringify@^2.3.1:
  version "2.5.0"
  resolved "https://registry.yarnpkg.com/safe-stable-stringify/-/safe-stable-stringify-2.5.0.tgz#4ca2f8e385f2831c432a719b108a3bf7af42a1dd"
  integrity sha512-b3rppTKm9T+PsVCBEOUR46GWI7fdOs00VKZ1+9c1EWDaDMvjQc6tUwuFyIprgGgTcWoVHSKrU8H31ZHA2e0RHA==

secure-json-parse@^2.7.0:
  version "2.7.0"
  resolved "https://registry.yarnpkg.com/secure-json-parse/-/secure-json-parse-2.7.0.tgz#5a5f9cd6ae47df23dba3151edd06855d47e09862"
  integrity sha512-6aU+Rwsezw7VR8/nyvKTx8QpWH9FrcYiXXlqC4z5d5XQBDRqtbfsRjnwGyqbi3gddNtWHuEk9OANUotL26qKUw==

secure-json-parse@^4.0.0:
  version "4.0.0"
  resolved "https://registry.yarnpkg.com/secure-json-parse/-/secure-json-parse-4.0.0.tgz#2ee1b7581be38ab348bab5a3e49280ba80a89c85"
  integrity sha512-dxtLJO6sc35jWidmLxo7ij+Eg48PM/kleBsxpC8QJE0qJICe+KawkDQmvCMZUr9u7WKVHgMW6vy3fQ7zMiFZMA==

semver@^7.5.4, semver@^7.6.0:
  version "7.7.1"
  resolved "https://registry.yarnpkg.com/semver/-/semver-7.7.1.tgz#abd5098d82b18c6c81f6074ff2647fd3e7220c9f"
  integrity sha512-hlq8tAfn0m/61p4BVRcPzIGr6LKiMwo4VM6dGi6pt4qcRkmNzTcWq6eCEjEh+qXjkMDvPlOFFSGwQjoEa6gyMA==

set-cookie-parser@^2.4.1, set-cookie-parser@^2.6.0:
  version "2.7.1"
  resolved "https://registry.yarnpkg.com/set-cookie-parser/-/set-cookie-parser-2.7.1.tgz#3016f150072202dfbe90fadee053573cc89d2943"
  integrity sha512-IOc8uWeOZgnb3ptbCURJWNjWUPcO3ZnTTdzsurqERrP6nPyv+paC55vJM0LpOlT2ne+Ix+9+CRG1MNLlyZ4GjQ==

sisteransi@^1.0.5:
  version "1.0.5"
  resolved "https://registry.yarnpkg.com/sisteransi/-/sisteransi-1.0.5.tgz#134d681297756437cc05ca01370d3a7a571075ed"
  integrity sha512-bLGGlR1QxBcynn2d5YmDX4MGjlZvy2MRBDRNHLJ8VI6l6+9FUiyTFNJ0IveOSP0bcXgVDPRcfGqA0pjaqUpfVg==

sonic-boom@^4.0.1:
  version "4.2.0"
  resolved "https://registry.yarnpkg.com/sonic-boom/-/sonic-boom-4.2.0.tgz#e59a525f831210fa4ef1896428338641ac1c124d"
  integrity sha512-INb7TM37/mAcsGmc9hyyI6+QR3rR1zVRu36B0NeGXKnOOLiZOfER5SA+N7X7k3yUYRzLWafduTDvJAfDswwEww==
  dependencies:
    atomic-sleep "^1.0.0"

split2@^4.0.0:
  version "4.2.0"
  resolved "https://registry.yarnpkg.com/split2/-/split2-4.2.0.tgz#c9c5920904d148bab0b9f67145f245a86aadbfa4"
  integrity sha512-UcjcJOWknrNkF6PLX83qcHM6KHgVKNkV62Y8a5uYDVv9ydGQVwAHMKqHdJje1VTWpljG0WYpCDhrCdAOYH4TWg==

stream-shift@^1.0.2:
  version "1.0.3"
  resolved "https://registry.yarnpkg.com/stream-shift/-/stream-shift-1.0.3.tgz#85b8fab4d71010fc3ba8772e8046cc49b8a3864b"
  integrity sha512-76ORR0DO1o1hlKwTbi/DM3EXWGf3ZJYO8cXX5RJwnul2DEg2oyoZyjLNoQM8WsvZiFKCRfC1O0J7iCvie3RZmQ==

string_decoder@^1.1.1:
  version "1.3.0"
  resolved "https://registry.yarnpkg.com/string_decoder/-/string_decoder-1.3.0.tgz#42f114594a46cf1a8e30b0a84f56c78c3edac21e"
  integrity sha512-hkRX8U1WjJFd8LsDJ2yQ/wWWxaopEsABU1XfkM8A+j0+85JAGppt16cr1Whg6KIbb4okU6Mql6BOj+uup/wKeA==
  dependencies:
    safe-buffer "~5.2.0"

thread-stream@^3.0.0:
  version "3.1.0"
  resolved "https://registry.yarnpkg.com/thread-stream/-/thread-stream-3.1.0.tgz#4b2ef252a7c215064507d4ef70c05a5e2d34c4f1"
  integrity sha512-OqyPZ9u96VohAyMfJykzmivOrY2wfMSf3C5TtFJVgN+Hm6aj+voFhlK+kZEIv2FBh1X6Xp3DlnCOfEQ3B2J86A==
  dependencies:
    real-require "^0.2.0"

toad-cache@^3.3.0, toad-cache@^3.7.0:
  version "3.7.0"
  resolved "https://registry.yarnpkg.com/toad-cache/-/toad-cache-3.7.0.tgz#b9b63304ea7c45ec34d91f1d2fa513517025c441"
  integrity sha512-/m8M+2BJUpoJdgAHoG+baCwBT+tf2VraSfkBgl0Y00qIWt41DJ8R5B8nsEw0I58YwF5IZH6z24/2TobDKnqSWw==

typescript@^5.8.3:
  version "5.8.3"
  resolved "https://registry.yarnpkg.com/typescript/-/typescript-5.8.3.tgz#92f8a3e5e3cf497356f4178c34cd65a7f5e8440e"
  integrity sha512-p1diW6TqL9L07nNxvRMM7hMMw4c5XOo/1ibL4aAIGmSAt9slTE1Xgw5KWuof2uTOvCg9BY7ZRi+GaF+7sfgPeQ==

uint8arrays@^5.1.0:
  version "5.1.0"
  resolved "https://registry.yarnpkg.com/uint8arrays/-/uint8arrays-5.1.0.tgz#14047c9bdf825d025b7391299436e5e50e7270f1"
  integrity sha512-vA6nFepEmlSKkMBnLBaUMVvAC4G3CTmO58C12y4sq6WPDOR7mOFYOi7GlrQ4djeSbP6JG9Pv9tJDM97PedRSww==
  dependencies:
    multiformats "^13.0.0"

undici-types@~6.21.0:
  version "6.21.0"
  resolved "https://registry.yarnpkg.com/undici-types/-/undici-types-6.21.0.tgz#691d00af3909be93a7faa13be61b3a5b50ef12cb"
  integrity sha512-iwDZqg0QAGrg9Rav5H4n0M64c3mkR59cJ6wQp+7C4nI0gsmExaedaYLNO44eT4AtBBwjbTiGPMlt2Md0T9H9JQ==

util-deprecate@^1.0.1:
  version "1.0.2"
  resolved "https://registry.yarnpkg.com/util-deprecate/-/util-deprecate-1.0.2.tgz#450d4dc9fa70de732762fbd2d4a28981419a0ccf"
  integrity sha512-EPD5q1uXyFxJpCrLnCc1nHnq3gOa6DZBocAIiI2TaSCA7VCJ1UJDMagCzIkXNsUYfD1daK//LTEQ8xiIbrHtcw==

web-streams-polyfill@^3.0.3:
  version "3.3.3"
  resolved "https://registry.yarnpkg.com/web-streams-polyfill/-/web-streams-polyfill-3.3.3.tgz#2073b91a2fdb1fbfbd401e7de0ac9f8214cecb4b"
  integrity sha512-d2JWLCivmZYTSIoge9MsgFCZrt571BikcWGYkjC1khllbTeDlGqZ2D8vD8E/lJa8WGWbb7Plm8/XJYV7IJHZZw==

wrappy@1:
  version "1.0.2"
  resolved "https://registry.yarnpkg.com/wrappy/-/wrappy-1.0.2.tgz#b5243d8f3ec1aa35f1364605bc0d1036e30ab69f"
  integrity sha512-l4Sp/DRseor9wL6EvV2+TuQn63dMkPjZ/sp9XkghTEbV9KlPS1xUsZ3u7/IQO4wxtcFB4bgpQPRcR3QCvezPcQ==

ws@^8.0.0, ws@^8.13.0:
  version "8.18.2"
  resolved "https://registry.yarnpkg.com/ws/-/ws-8.18.2.tgz#42738b2be57ced85f46154320aabb51ab003705a"
  integrity sha512-DMricUmwGZUVr++AEAe2uiVM7UoO9MAVZMDu05UQOaUII0lp+zOzLLU4Xqh/JvTqklB1T4uELaaPBKyjE1r4fQ==
